github.com/ethereum/go-ethereum v1.14.9 h1:4N8JftrwP4XvEphYbM5sD7a1pX0ZoAtuUe7pX5iC2sM=
github.com/ethereum/go-ethereum v1.14.9/go.mod h1:8vXjJ7P6fSx4gD2M4Z5c7pup0QX7sVjU7W24H6Cj7aY=
github.com/btcsuite/btcd v0.23.4 h1:2Wx9ytYQq0Q8f+RhSFOwNOf0RjZL6V0ybJdJjQ9A4tY=
github.com/btcsuite/btcd v0.23.4/go.mod h1:lnH9zkZbtuVtQKZhEyaZB+Kco9c4RfSlzU+MEtDSlE4=
github.com/btcsuite/btcutil v1.1.4 h1:tDhtUoHrrcxQeu3eS1ZXz2z3tE9wlMZDL1dzn4OypcE=
github.com/btcsuite/btcutil v1.1.4/go.mod h1:5s3ciG8b8u1Wc0exDnCuGdvYL4MjR6MvzUnl9e0E7K8=
github.com/decred/dcrd/dcrec/secp256k1/v4 v4.0.1 h1:0qlnJtEbaZrHxJXhJr0CVu6UmDgn9AWw3hGcA45J6GA=
github.com/decred/dcrd/dcrec/secp256k1/v4 v4.0.1/go.mod h1:wls1gM5W75+yT1t5d9xOis4VXTKW7keZ++4niI2dV2o=
golang.org/x/crypto v0.23.0 h1:VkXY6Wkz+G8nWECkB4+g7pbjssF4jxMZLMe9hKoZd+w=
golang.org/x/crypto v0.23.0/go.mod h1:gCA3FnuLhYPmUnY9xzzijJcm6TrmniMKhYHvzGfgd8w=
golang.org/x/sys v0.20.0 h1:lnvdOqROn3/vnmHS4rXkN0PjM0RiQ7cx9/mt1w3c7C4=
golang.org/x/sys v0.20.0/go.mod h1:/6j3tuUpBs3ni1X7iFyxSxjOv9zxzkmh3rfCeoijE7I=
